
Microsoft Visual Studio Solution File, Format Version 12.00
# Visual Studio 15
VisualStudioVersion = 15.0.27703.2035
MinimumVisualStudioVersion = 10.0.40219.1
Project("{FAE04EC0-301F-11D3-BF4B-00C04F79EFBC}") = "DataTableToExcel", "DataTableToExcel\DataTableToExcel.csproj", "{A5C353E4-5D6E-4B88-9F24-D64B4CA0F89B}"
EndProject
Global
	GlobalSection(SolutionConfigurationPlatforms) = preSolution
		Debug|Any CPU = Debug|Any CPU
		Release|Any CPU = Release|Any CPU
	EndGlobalSection
	GlobalSection(ProjectConfigurationPlatforms) = postSolution
		{A5C353E4-5D6E-4B88-9F24-D64B4CA0F89B}.Debug|Any CPU.ActiveCfg = Debug|Any CPU
		{A5C353E4-5D6E-4B88-9F24-D64B4CA0F89B}.Debug|Any CPU.Build.0 = Debug|Any CPU
		{A5C353E4-5D6E-4B88-9F24-D64B4CA0F89B}.Release|Any CPU.ActiveCfg = Release|Any CPU
		{A5C353E4-5D6E-4B88-9F24-D64B4CA0F89B}.Release|Any CPU.Build.0 = Release|Any CPU
	EndGlobalSection
	GlobalSection(SolutionProperties) = preSolution
		HideSolutionNode = FALSE
	EndGlobalSection
	GlobalSection(ExtensibilityGlobals) = postSolution
		SolutionGuid = {1930ABBE-E6C0-4AF6-9BC8-75AF5532D709}
	EndGlobalSection
EndGlobal
